
Microsoft Visual Studio Solution File, Format Version 12.00
# Visual Studio Version 17
VisualStudioVersion = 17.2.32516.85
MinimumVisualStudioVersion = 10.0.40219.1
Project("{FAE04EC0-301F-11D3-BF4B-00C04F79EFBC}") = "CalcForm", "CalcForm\CalcForm.csproj", "{7209DA02-06F0-4BE7-B539-02FE2BE3A052}"
EndProject
Global
	GlobalSection(SolutionConfigurationPlatforms) = preSolution
		Debug|Any CPU = Debug|Any CPU
		Release|Any CPU = Release|Any CPU
	EndGlobalSection
	GlobalSection(ProjectConfigurationPlatforms) = postSolution
		{7209DA02-06F0-4BE7-B539-02FE2BE3A052}.Debug|Any CPU.ActiveCfg = Debug|Any CPU
		{7209DA02-06F0-4BE7-B539-02FE2BE3A052}.Debug|Any CPU.Build.0 = Debug|Any CPU
		{7209DA02-06F0-4BE7-B539-02FE2BE3A052}.Release|Any CPU.ActiveCfg = Release|Any CPU
		{7209DA02-06F0-4BE7-B539-02FE2BE3A052}.Release|Any CPU.Build.0 = Release|Any CPU
	EndGlobalSection
	GlobalSection(SolutionProperties) = preSolution
		HideSolutionNode = FALSE
	EndGlobalSection
	GlobalSection(ExtensibilityGlobals) = postSolution
		SolutionGuid = {9FA2EE90-8FF3-484A-812F-B457BFE3640F}
	EndGlobalSection
EndGlobal
